
Microsoft Visual Studio Solution File, Format Version 12.00
# Visual Studio Version 16
VisualStudioVersion = 16.0.31005.135
MinimumVisualStudioVersion = 10.0.40219.1
Project("{FAE04EC0-301F-11D3-BF4B-00C04F79EFBC}") = "NWBlog.OpenIdConnect.Demo", "NWBlog.OpenIdConnect.Demo\NWBlog.OpenIdConnect.Demo.csproj", "{0736D103-3760-4B42-AEF1-0372E34CEA2A}"
EndProject
Global
	GlobalSection(SolutionConfigurationPlatforms) = preSolution
		Debug|Any CPU = Debug|Any CPU
		Release|Any CPU = Release|Any CPU
	EndGlobalSection
	GlobalSection(ProjectConfigurationPlatforms) = postSolution
		{0736D103-3760-4B42-AEF1-0372E34CEA2A}.Debug|Any CPU.ActiveCfg = Debug|Any CPU
		{0736D103-3760-4B42-AEF1-0372E34CEA2A}.Debug|Any CPU.Build.0 = Debug|Any CPU
		{0736D103-3760-4B42-AEF1-0372E34CEA2A}.Release|Any CPU.ActiveCfg = Release|Any CPU
		{0736D103-3760-4B42-AEF1-0372E34CEA2A}.Release|Any CPU.Build.0 = Release|Any CPU
	EndGlobalSection
	GlobalSection(SolutionProperties) = preSolution
		HideSolutionNode = FALSE
	EndGlobalSection
	GlobalSection(ExtensibilityGlobals) = postSolution
		SolutionGuid = {FA848FEE-4E82-4BB9-B6D9-EB216DC2A4D3}
	EndGlobalSection
EndGlobal
